{
  "name": "weaver-nntp-bench-nyuu",
  "version": "0.0.0",
  "lockfileVersion": 3,
  "requires": true,
  "packages": {
    "": {
      "name": "weaver-nntp-bench-nyuu",
      "version": "0.0.0",
      "dependencies": {
        "async": "2.6.4",
        "lodash": "4.17.21",
        "nyuu": "0.4.2",
        "yencode": "1.1.2"
      }
    },
    "node_modules/async": {
      "version": "2.6.4",
      "resolved": "https://registry.npmjs.org/async/-/async-2.6.4.tgz",
      "integrity": "sha512-mzo5dfJYwAn29PeiJ0zvwTo04zj8HDJj0Mn8TD7sno7q12prdbnasKJHhkm2c1LgrhlJ0teaea8860oxi51mGA==",
      "license": "MIT",
      "dependencies": {
        "lodash": "^4.17.14"
      }
    },
    "node_modules/lodash": {
      "version": "4.17.21",
      "resolved": "https://registry.npmjs.org/lodash/-/lodash-4.17.21.tgz",
      "integrity": "sha512-v2kDEe57lecTulaDIuNTPy3Ry4gLGJ6Z1O3vE1krgXZNrsQ+LFTGHVxVjcXPs17LhbZVGedAJv8XZ1tvj5FvSg==",
      "license": "MIT"
    },
    "node_modules/nyuu": {
      "version": "0.4.2",
      "resolved": "https://registry.npmjs.org/nyuu/-/nyuu-0.4.2.tgz",
      "integrity": "sha512-+f1O9+7vXZCcs92/Ei/UlBGRxxQeWJY4Rlugonnxhj/vCz1sx2VFYm2u83gDKpv4bzqI3kaEZfjjWS/eceB2Eg==",
      "license": "CC0-1.0",
      "dependencies": {
        "async": "0.2.0 - 2.9999.9999",
        "yencode": "1.0.6 - 1.9999.9999"
      },
      "bin": {
        "nyuu": "bin/nyuu.js"
      },
      "engines": {
        "node": ">=0.10"
      }
    },
    "node_modules/yencode": {
      "version": "1.1.2",
      "resolved": "https://registry.npmjs.org/yencode/-/yencode-1.1.2.tgz",
      "integrity": "sha512-WwU2hKPdslI2eMD+UerOgh0K30YsfQULKpjls3CX/rqnVFxRmA7QUBYMWbGrOd4Q3Dr18hUeODKqhGn4qSiebw==",
      "hasInstallScript": true,
      "license": "CC0-1.0",
      "engines": {
        "node": ">=0.10"
      }
    }
  }
}
